
Microsoft Visual Studio Solution File, Format Version 12.00
# Visual Studio Version 16
VisualStudioVersion = 16.0.30907.101
MinimumVisualStudioVersion = 10.0.40219.1
Project("{9092AA53-FB77-4645-B42D-1CCCA6BD08BD}") = "JsonToRss", "JsonToRss\JsonToRss.njsproj", "{7F59DCCF-C398-4C8C-841B-7CCAAFEA9A16}"
EndProject
Global
	GlobalSection(SolutionConfigurationPlatforms) = preSolution
		Debug|Any CPU = Debug|Any CPU
		Release|Any CPU = Release|Any CPU
	EndGlobalSection
	GlobalSection(ProjectConfigurationPlatforms) = postSolution
		{7F59DCCF-C398-4C8C-841B-7CCAAFEA9A16}.Debug|Any CPU.ActiveCfg = Debug|Any CPU
		{7F59DCCF-C398-4C8C-841B-7CCAAFEA9A16}.Debug|Any CPU.Build.0 = Debug|Any CPU
		{7F59DCCF-C398-4C8C-841B-7CCAAFEA9A16}.Release|Any CPU.ActiveCfg = Release|Any CPU
		{7F59DCCF-C398-4C8C-841B-7CCAAFEA9A16}.Release|Any CPU.Build.0 = Release|Any CPU
	EndGlobalSection
	GlobalSection(SolutionProperties) = preSolution
		HideSolutionNode = FALSE
	EndGlobalSection
	GlobalSection(ExtensibilityGlobals) = postSolution
		SolutionGuid = {EB31C50C-705C-4CD3-AB53-548B698688F7}
	EndGlobalSection
EndGlobal
